// !$*UTF8*$!
{
	archiveVersion = 1;
	classes = {
	};
	objectVersion = 77;
	objects = {

/* Begin PBXBuildFile section */
		35450596CFE909F4695C7907 /* Assets.xcassets in Resources */ = {isa = PBXBuildFile; fileRef = 3A8EE3D327FDFFA223930871 /* Assets.xcassets */; };
		510D70D6AED3A9878F57BB80 /* WatchConnectivityClient.swift in Sources */ = {isa = PBXBuildFile; fileRef = 6DBCDC802F936048FF3DE499 /* WatchConnectivityClient.swift */; };
		54FE08D92FBD8D7F203EECCC /* LocalAIWatchApp.swift in Sources */ = {isa = PBXBuildFile; fileRef = D60CB243AFDB195EF86D1CBB /* LocalAIWatchApp.swift */; };
		6CFE0F75F748001302991B02 /* WatchConnectivityModels.swift in Sources */ = {isa = PBXBuildFile; fileRef = 5C48F86F5CC1AACA464AFB06 /* WatchConnectivityModels.swift */; };
		7A1C45F0A9B24E5EBF2C3D11 /* WatchConnectivityModels.swift in Sources */ = {isa = PBXBuildFile; fileRef = 5C48F86F5CC1AACA464AFB06 /* WatchConnectivityModels.swift */; };
		7D35A3CBA9CC310B7EC1F09B /* MisakiSwift in Frameworks */ = {isa = PBXBuildFile; productRef = 3E53D0029821E74467DF2F34 /* MisakiSwift */; };
		8B0F13D22FDEA1240053FFDA /* WhisperKit in Frameworks */ = {isa = PBXBuildFile; productRef = 8B0F13D12FDEA1240053FFDA /* WhisperKit */; };
		8B0F13D52FDEA1670053FFDA /* Embeddings in Frameworks */ = {isa = PBXBuildFile; productRef = 8B0F13D42FDEA1670053FFDA /* Embeddings */; };
		8B8A3DFD2F2B9BF70010461E /* MetalPerformanceShaders.framework in Frameworks */ = {isa = PBXBuildFile; fileRef = 8B8A3DFB2F2B9BF70010461E /* MetalPerformanceShaders.framework */; };
		8B8A3DFE2F2B9BF70010461E /* Metal.framework in Frameworks */ = {isa = PBXBuildFile; fileRef = 8B8A3DFC2F2B9BF70010461E /* Metal.framework */; };
		8B8A3E092F2CCB980010461E /* Shimmer in Frameworks */ = {isa = PBXBuildFile; productRef = 8B8A3E082F2CCB980010461E /* Shimmer */; };
		8B8A3E0C2F2CCBE90010461E /* MarkdownUI in Frameworks */ = {isa = PBXBuildFile; productRef = 8B8A3E0B2F2CCBE90010461E /* MarkdownUI */; };
		8B8A3E1A2F2D00010010461E /* MLXLMCommon in Frameworks */ = {isa = PBXBuildFile; productRef = 8B8A3E1D2F2D00010010461E /* MLXLMCommon */; };
		8B8A3E1B2F2D00010010461E /* MLXLLM in Frameworks */ = {isa = PBXBuildFile; productRef = 8B8A3E1E2F2D00010010461E /* MLXLLM */; };
		8B8A3E1F2F2D00010010461E /* MLXVLM in Frameworks */ = {isa = PBXBuildFile; productRef = 8B8A3E202F2D00010010461E /* MLXVLM */; };
		8B8A3F012F2B9C000010461E /* MetalPerformanceShadersGraph.framework in Frameworks */ = {isa = PBXBuildFile; fileRef = 8B8A3F002F2B9C000010461E /* MetalPerformanceShadersGraph.framework */; };
		8EFFB0F2133ABDDAC075499D /* WatchAppView.swift in Sources */ = {isa = PBXBuildFile; fileRef = 91B85A67CC4B2D94DE6FCB4D /* WatchAppView.swift */; };
		A3092C03ADE84812355F315F /* LocalAIWatchApp.app in Embed Watch Content */ = {isa = PBXBuildFile; fileRef = EAB0C704B6924ED8F744E8E9 /* LocalAIWatchApp.app */; };
		ABE93FCF2F94C100008DCDBD /* Hub in Frameworks */ = {isa = PBXBuildFile; productRef = ABE93FCE2F94C100008DCDBD /* Hub */; };
		ABE93FD22F94C112008DCDBD /* Jinja in Frameworks */ = {isa = PBXBuildFile; productRef = ABE93FD12F94C112008DCDBD /* Jinja */; };
		ABE93FD82F94C202008DCDBD /* MLX in Frameworks */ = {isa = PBXBuildFile; productRef = ABE93FD72F94C202008DCDBD /* MLX */; };
		ABE93FDA2F94C202008DCDBD /* MLXFFT in Frameworks */ = {isa = PBXBuildFile; productRef = ABE93FD92F94C202008DCDBD /* MLXFFT */; };
		ABE93FDC2F94C202008DCDBD /* MLXFast in Frameworks */ = {isa = PBXBuildFile; productRef = ABE93FDB2F94C202008DCDBD /* MLXFast */; };
		ABE93FDE2F94C202008DCDBD /* MLXLinalg in Frameworks */ = {isa = PBXBuildFile; productRef = ABE93FDD2F94C202008DCDBD /* MLXLinalg */; };
		ABE93FE02F94C202008DCDBD /* MLXNN in Frameworks */ = {isa = PBXBuildFile; productRef = ABE93FDF2F94C202008DCDBD /* MLXNN */; };
		ABE93FE22F94C202008DCDBD /* MLXOptimizers in Frameworks */ = {isa = PBXBuildFile; productRef = ABE93FE12F94C202008DCDBD /* MLXOptimizers */; };
		ABE93FE42F94C202008DCDBD /* MLXRandom in Frameworks */ = {isa = PBXBuildFile; productRef = ABE93FE32F94C202008DCDBD /* MLXRandom */; };
		ABE93FE62F94C210008DCDBD /* Tokenizers in Frameworks */ = {isa = PBXBuildFile; productRef = ABE93FE52F94C210008DCDBD /* Tokenizers */; };
		C1A1B2C3D4E5F60700112233 /* LocalAIKit in Frameworks */ = {isa = PBXBuildFile; productRef = C1A1B2C3D4E5F60700112234 /* LocalAIKit */; };
		D1E000022F5000010010461E /* MLXUtilsLibrary in Frameworks */ = {isa = PBXBuildFile; productRef = D1E000062F5000010010461E /* MLXUtilsLibrary */; };
		D23913269C72022C79FDB619 /* KokoroSwift in Frameworks */ = {isa = PBXBuildFile; productRef = 52C4E9848B8F8FC8EECC1E16 /* KokoroSwift */; };
		F28C5059FAD018D9339B8132 /* Foundation.framework in Frameworks */ = {isa = PBXBuildFile; fileRef = EE087FDCA43529C4708F4FE2 /* Foundation.framework */; };
/* End PBXBuildFile section */

/* Begin PBXContainerItemProxy section */
		F5D6290DE433681D4CDBF5EB /* PBXContainerItemProxy */ = {
			isa = PBXContainerItemProxy;
			containerPortal = 8B8A3DB42F2B75380010461E /* Project object */;
			proxyType = 1;
			remoteGlobalIDString = C25D6C91C8ADB8E23A69AE3C;
			remoteInfo = LocalAIWatchApp;
		};
/* End PBXContainerItemProxy section */

/* Begin PBXCopyFilesBuildPhase section */
		B781217A2D87E60444C42B89 /* Embed Watch Content */ = {
			isa = PBXCopyFilesBuildPhase;
			buildActionMask = 2147483647;
			dstPath = "$(CONTENTS_FOLDER_PATH)/Watch";
			dstSubfolderSpec = 16;
			files = (
				A3092C03ADE84812355F315F /* LocalAIWatchApp.app in Embed Watch Content */,
			);
			name = "Embed Watch Content";
			runOnlyForDeploymentPostprocessing = 0;
		};
		C14E2F305162738495A6B7C8 /* Embed Frameworks */ = {
			isa = PBXCopyFilesBuildPhase;
			buildActionMask = 2147483647;
			dstPath = "";
			dstSubfolderSpec = 10;
			files = (
			);
			name = "Embed Frameworks";
			runOnlyForDeploymentPostprocessing = 0;
		};
/* End PBXCopyFilesBuildPhase section */

/* Begin PBXFileReference section */
		3A8EE3D327FDFFA223930871 /* Assets.xcassets */ = {isa = PBXFileReference; includeInIndex = 1; lastKnownFileType = folder.assetcatalog; name = Assets.xcassets; path = ../LocalAI/Assets.xcassets; sourceTree = "<group>"; };
		5C48F86F5CC1AACA464AFB06 /* WatchConnectivityModels.swift */ = {isa = PBXFileReference; includeInIndex = 1; lastKnownFileType = sourcecode.swift; path = WatchConnectivityModels.swift; sourceTree = "<group>"; };
		6DBCDC802F936048FF3DE499 /* WatchConnectivityClient.swift */ = {isa = PBXFileReference; includeInIndex = 1; lastKnownFileType = sourcecode.swift; path = WatchConnectivityClient.swift; sourceTree = "<group>"; };
		8B8A3DBC2F2B75380010461E /* LocalAI.app */ = {isa = PBXFileReference; explicitFileType = wrapper.application; includeInIndex = 0; path = LocalAI.app; sourceTree = BUILT_PRODUCTS_DIR; };
		8B8A3DFB2F2B9BF70010461E /* MetalPerformanceShaders.framework */ = {isa = PBXFileReference; lastKnownFileType = wrapper.framework; name = MetalPerformanceShaders.framework; path = System/Library/Frameworks/MetalPerformanceShaders.framework; sourceTree = SDKROOT; };
		8B8A3DFC2F2B9BF70010461E /* Metal.framework */ = {isa = PBXFileReference; lastKnownFileType = wrapper.framework; name = Metal.framework; path = System/Library/Frameworks/Metal.framework; sourceTree = SDKROOT; };
		8B8A3F002F2B9C000010461E /* MetalPerformanceShadersGraph.framework */ = {isa = PBXFileReference; lastKnownFileType = wrapper.framework; name = MetalPerformanceShadersGraph.framework; path = System/Library/Frameworks/MetalPerformanceShadersGraph.framework; sourceTree = SDKROOT; };
		91B85A67CC4B2D94DE6FCB4D /* WatchAppView.swift */ = {isa = PBXFileReference; includeInIndex = 1; lastKnownFileType = sourcecode.swift; path = WatchAppView.swift; sourceTree = "<group>"; };
		D60CB243AFDB195EF86D1CBB /* LocalAIWatchApp.swift */ = {isa = PBXFileReference; includeInIndex = 1; lastKnownFileType = sourcecode.swift; path = LocalAIWatchApp.swift; sourceTree = "<group>"; };
		EAB0C704B6924ED8F744E8E9 /* LocalAIWatchApp.app */ = {isa = PBXFileReference; explicitFileType = wrapper.application; includeInIndex = 0; path = LocalAIWatchApp.app; sourceTree = BUILT_PRODUCTS_DIR; };
		EE087FDCA43529C4708F4FE2 /* Foundation.framework */ = {isa = PBXFileReference; lastKnownFileType = wrapper.framework; name = Foundation.framework; path = Platforms/WatchOS.platform/Developer/SDKs/WatchOS11.0.sdk/System/Library/Frameworks/Foundation.framework; sourceTree = DEVELOPER_DIR; };
/* End PBXFileReference section */

/* Begin PBXFileSystemSynchronizedBuildFileExceptionSet section */
		8BA8863B2F4C849A0083E693 /* Exceptions for "LocalAI" folder in "LocalAI" target */ = {
			isa = PBXFileSystemSynchronizedBuildFileExceptionSet;
			membershipExceptions = (
				Info.plist,
			);
			target = 8B8A3DBB2F2B75380010461E /* LocalAI */;
		};
/* End PBXFileSystemSynchronizedBuildFileExceptionSet section */

/* Begin PBXFileSystemSynchronizedRootGroup section */
		8B8A3DBE2F2B75380010461E /* LocalAI */ = {
			isa = PBXFileSystemSynchronizedRootGroup;
			exceptions = (
				8BA8863B2F4C849A0083E693 /* Exceptions for "LocalAI" folder in "LocalAI" target */,
			);
			explicitFolders = (
				BundledModels,
			);
			path = LocalAI;
			sourceTree = "<group>";
		};
/* End PBXFileSystemSynchronizedRootGroup section */

/* Begin PBXFrameworksBuildPhase section */
		6BE77C9A7C00E591EA0C28BA /* Frameworks */ = {
			isa = PBXFrameworksBuildPhase;
			buildActionMask = 2147483647;
			files = (
				F28C5059FAD018D9339B8132 /* Foundation.framework in Frameworks */,
			);
			runOnlyForDeploymentPostprocessing = 0;
		};
		8B8A3DB92F2B75380010461E /* Frameworks */ = {
			isa = PBXFrameworksBuildPhase;
			buildActionMask = 2147483647;
			files = (
				ABE93FDA2F94C202008DCDBD /* MLXFFT in Frameworks */,
				ABE93FD82F94C202008DCDBD /* MLX in Frameworks */,
				ABE93FE02F94C202008DCDBD /* MLXNN in Frameworks */,
				C1A1B2C3D4E5F60700112233 /* LocalAIKit in Frameworks */,
				8B8A3E1F2F2D00010010461E /* MLXVLM in Frameworks */,
				8B8A3E092F2CCB980010461E /* Shimmer in Frameworks */,
				ABE93FDC2F94C202008DCDBD /* MLXFast in Frameworks */,
				8B0F13D22FDEA1240053FFDA /* WhisperKit in Frameworks */,
				8B8A3F012F2B9C000010461E /* MetalPerformanceShadersGraph.framework in Frameworks */,
				ABE93FE42F94C202008DCDBD /* MLXRandom in Frameworks */,
				8B8A3DFD2F2B9BF70010461E /* MetalPerformanceShaders.framework in Frameworks */,
				ABE93FE22F94C202008DCDBD /* MLXOptimizers in Frameworks */,
				8B8A3DFE2F2B9BF70010461E /* Metal.framework in Frameworks */,
				8B8A3E0C2F2CCBE90010461E /* MarkdownUI in Frameworks */,
				ABE93FDE2F94C202008DCDBD /* MLXLinalg in Frameworks */,
				8B8A3E1A2F2D00010010461E /* MLXLMCommon in Frameworks */,
				8B0F13D52FDEA1670053FFDA /* Embeddings in Frameworks */,
				8B8A3E1B2F2D00010010461E /* MLXLLM in Frameworks */,
				ABE93FCF2F94C100008DCDBD /* Hub in Frameworks */,
				ABE93FE62F94C210008DCDBD /* Tokenizers in Frameworks */,
				D1E000022F5000010010461E /* MLXUtilsLibrary in Frameworks */,
				ABE93FD22F94C112008DCDBD /* Jinja in Frameworks */,
				D23913269C72022C79FDB619 /* KokoroSwift in Frameworks */,
				7D35A3CBA9CC310B7EC1F09B /* MisakiSwift in Frameworks */,
			);
			runOnlyForDeploymentPostprocessing = 0;
		};
/* End PBXFrameworksBuildPhase section */

/* Begin PBXGroup section */
		36F609E71D4183A265906863 /* Shared */ = {
			isa = PBXGroup;
			children = (
				5C48F86F5CC1AACA464AFB06 /* WatchConnectivityModels.swift */,
				3A8EE3D327FDFFA223930871 /* Assets.xcassets */,
			);
			path = Shared;
			sourceTree = "<group>";
		};
		456034DCCBAE92254A3CDFED /* watchOS */ = {
			isa = PBXGroup;
			children = (
				EE087FDCA43529C4708F4FE2 /* Foundation.framework */,
			);
			name = watchOS;
			sourceTree = "<group>";
		};
		8B8A3DB32F2B75380010461E = {
			isa = PBXGroup;
			children = (
				8B8A3DBE2F2B75380010461E /* LocalAI */,
				8B8A3DFA2F2B9BF60010461E /* Frameworks */,
				8B8A3DBD2F2B75380010461E /* Products */,
				36F609E71D4183A265906863 /* Shared */,
				AA78A2F3B7FC729B067F100E /* LocalAIWatchApp */,
			);
			sourceTree = "<group>";
		};
		8B8A3DBD2F2B75380010461E /* Products */ = {
			isa = PBXGroup;
			children = (
				8B8A3DBC2F2B75380010461E /* LocalAI.app */,
				EAB0C704B6924ED8F744E8E9 /* LocalAIWatchApp.app */,
			);
			name = Products;
			sourceTree = "<group>";
		};
		8B8A3DFA2F2B9BF60010461E /* Frameworks */ = {
			isa = PBXGroup;
			children = (
				8B8A3DFC2F2B9BF70010461E /* Metal.framework */,
				8B8A3DFB2F2B9BF70010461E /* MetalPerformanceShaders.framework */,
				8B8A3F002F2B9C000010461E /* MetalPerformanceShadersGraph.framework */,
				456034DCCBAE92254A3CDFED /* watchOS */,
			);
			name = Frameworks;
			sourceTree = "<group>";
		};
		AA78A2F3B7FC729B067F100E /* LocalAIWatchApp */ = {
			isa = PBXGroup;
			children = (
				D60CB243AFDB195EF86D1CBB /* LocalAIWatchApp.swift */,
				6DBCDC802F936048FF3DE499 /* WatchConnectivityClient.swift */,
				91B85A67CC4B2D94DE6FCB4D /* WatchAppView.swift */,
			);
			path = LocalAIWatchApp;
			sourceTree = "<group>";
		};
/* End PBXGroup section */

/* Begin PBXNativeTarget section */
		8B8A3DBB2F2B75380010461E /* LocalAI */ = {
			isa = PBXNativeTarget;
			buildConfigurationList = 8B8A3DC72F2B753A0010461E /* Build configuration list for PBXNativeTarget "LocalAI" */;
			buildPhases = (
				8B8A3DB82F2B75380010461E /* Sources */,
				8B8A3DB92F2B75380010461E /* Frameworks */,
				8B8A3DBA2F2B75380010461E /* Resources */,
				C14E2F305162738495A6B7C8 /* Embed Frameworks */,
				B781217A2D87E60444C42B89 /* Embed Watch Content */,
			);
			buildRules = (
			);
			dependencies = (
				B601CD699EEF9148428F22D6 /* PBXTargetDependency */,
			);
			fileSystemSynchronizedGroups = (
				8B8A3DBE2F2B75380010461E /* LocalAI */,
			);
			name = LocalAI;
			packageProductDependencies = (
				8B8A3E082F2CCB980010461E /* Shimmer */,
				8B8A3E0B2F2CCBE90010461E /* MarkdownUI */,
				8B8A3E1D2F2D00010010461E /* MLXLMCommon */,
				8B8A3E1E2F2D00010010461E /* MLXLLM */,
				8B8A3E202F2D00010010461E /* MLXVLM */,
				C1A1B2C3D4E5F60700112234 /* LocalAIKit */,
				D1E000062F5000010010461E /* MLXUtilsLibrary */,
				ABE93FCE2F94C100008DCDBD /* Hub */,
				ABE93FE52F94C210008DCDBD /* Tokenizers */,
				ABE93FD12F94C112008DCDBD /* Jinja */,
				ABE93FD72F94C202008DCDBD /* MLX */,
				ABE93FD92F94C202008DCDBD /* MLXFFT */,
				ABE93FDB2F94C202008DCDBD /* MLXFast */,
				ABE93FDD2F94C202008DCDBD /* MLXLinalg */,
				ABE93FDF2F94C202008DCDBD /* MLXNN */,
				ABE93FE12F94C202008DCDBD /* MLXOptimizers */,
				ABE93FE32F94C202008DCDBD /* MLXRandom */,
				52C4E9848B8F8FC8EECC1E16 /* KokoroSwift */,
				3E53D0029821E74467DF2F34 /* MisakiSwift */,
				8B0F13D12FDEA1240053FFDA /* WhisperKit */,
				8B0F13D42FDEA1670053FFDA /* Embeddings */,
			);
			productName = LocalAI;
			productReference = 8B8A3DBC2F2B75380010461E /* LocalAI.app */;
			productType = "com.apple.product-type.application";
		};
		C25D6C91C8ADB8E23A69AE3C /* LocalAIWatchApp */ = {
			isa = PBXNativeTarget;
			buildConfigurationList = B592D6C7105FA391A3E79B0F /* Build configuration list for PBXNativeTarget "LocalAIWatchApp" */;
			buildPhases = (
				0772D29571F58D96BFF73DB4 /* Sources */,
				6BE77C9A7C00E591EA0C28BA /* Frameworks */,
				6A58F7B4253F06ABED38E28D /* Resources */,
			);
			buildRules = (
			);
			dependencies = (
			);
			name = LocalAIWatchApp;
			productName = LocalAIWatchApp;
			productReference = EAB0C704B6924ED8F744E8E9 /* LocalAIWatchApp.app */;
			productType = "com.apple.product-type.application";
		};
/* End PBXNativeTarget section */

/* Begin PBXProject section */
		8B8A3DB42F2B75380010461E /* Project object */ = {
			isa = PBXProject;
			attributes = {
				BuildIndependentTargetsInParallel = 1;
				LastSwiftUpdateCheck = 2620;
				LastUpgradeCheck = 2630;
				TargetAttributes = {
					8B8A3DBB2F2B75380010461E = {
						CreatedOnToolsVersion = 26.2;
					};
					C25D6C91C8ADB8E23A69AE3C = {
						CreatedOnToolsVersion = 26.2;
					};
				};
			};
			buildConfigurationList = 8B8A3DB72F2B75380010461E /* Build configuration list for PBXProject "LocalAI" */;
			developmentRegion = en;
			hasScannedForEncodings = 0;
			knownRegions = (
				en,
				Base,
				es,
				de,
				fr,
			);
			mainGroup = 8B8A3DB32F2B75380010461E;
			minimizedProjectReferenceProxies = 1;
			packageReferences = (
				8B8A3E072F2CCB980010461E /* XCRemoteSwiftPackageReference "SwiftUI-Shimmer" */,
				8B8A3E0A2F2CCBE90010461E /* XCRemoteSwiftPackageReference "swift-markdown-ui" */,
				8B8A3E1C2F2D00010010461E /* XCRemoteSwiftPackageReference "mlx-swift-lm" */,
				C1A1B2C3D4E5F60700112235 /* XCLocalSwiftPackageReference "Packages/LocalAIKit" */,
				D1E000042F5000010010461E /* XCRemoteSwiftPackageReference "MLXUtilsLibrary" */,
				ABE93FCD2F94C100008DCDBD /* XCRemoteSwiftPackageReference "swift-transformers" */,
				ABE93FD02F94C111008DCDBD /* XCRemoteSwiftPackageReference "swift-jinja" */,
				ABE93FD62F94C202008DCDBD /* XCRemoteSwiftPackageReference "mlx-swift" */,
				09CF0B8191531DB0E5D081AB /* XCLocalSwiftPackageReference "Packages/KokoroSwiftLocal" */,
				F3DDD970CAC6BFD83388E17F /* XCLocalSwiftPackageReference "Packages/MisakiSwiftLocal" */,
				8B0F13D02FDEA1240053FFDA /* XCRemoteSwiftPackageReference "WhisperKit" */,
				8B0F13D32FDEA1670053FFDA /* XCRemoteSwiftPackageReference "swift-embeddings" */,
			);
			preferredProjectObjectVersion = 77;
			productRefGroup = 8B8A3DBD2F2B75380010461E /* Products */;
			projectDirPath = "";
			projectRoot = "";
			targets = (
				8B8A3DBB2F2B75380010461E /* LocalAI */,
				C25D6C91C8ADB8E23A69AE3C /* LocalAIWatchApp */,
			);
		};
/* End PBXProject section */

/* Begin PBXResourcesBuildPhase section */
		6A58F7B4253F06ABED38E28D /* Resources */ = {
			isa = PBXResourcesBuildPhase;
			buildActionMask = 2147483647;
			files = (
				35450596CFE909F4695C7907 /* Assets.xcassets in Resources */,
			);
			runOnlyForDeploymentPostprocessing = 0;
		};
		8B8A3DBA2F2B75380010461E /* Resources */ = {
			isa = PBXResourcesBuildPhase;
			buildActionMask = 2147483647;
			files = (
			);
			runOnlyForDeploymentPostprocessing = 0;
		};
/* End PBXResourcesBuildPhase section */

/* Begin PBXSourcesBuildPhase section */
		0772D29571F58D96BFF73DB4 /* Sources */ = {
			isa = PBXSourcesBuildPhase;
			buildActionMask = 2147483647;
			files = (
				6CFE0F75F748001302991B02 /* WatchConnectivityModels.swift in Sources */,
				54FE08D92FBD8D7F203EECCC /* LocalAIWatchApp.swift in Sources */,
				510D70D6AED3A9878F57BB80 /* WatchConnectivityClient.swift in Sources */,
				8EFFB0F2133ABDDAC075499D /* WatchAppView.swift in Sources */,
			);
			runOnlyForDeploymentPostprocessing = 0;
		};
		8B8A3DB82F2B75380010461E /* Sources */ = {
			isa = PBXSourcesBuildPhase;
			buildActionMask = 2147483647;
			files = (
				7A1C45F0A9B24E5EBF2C3D11 /* WatchConnectivityModels.swift in Sources */,
			);
			runOnlyForDeploymentPostprocessing = 0;
		};
/* End PBXSourcesBuildPhase section */

/* Begin PBXTargetDependency section */
		B601CD699EEF9148428F22D6 /* PBXTargetDependency */ = {
			isa = PBXTargetDependency;
			name = LocalAIWatchApp;
			target = C25D6C91C8ADB8E23A69AE3C /* LocalAIWatchApp */;
			targetProxy = F5D6290DE433681D4CDBF5EB /* PBXContainerItemProxy */;
		};
/* End PBXTargetDependency section */

/* Begin XCBuildConfiguration section */
		4A6C1592CD440D1F56943E86 /* Release */ = {
			isa = XCBuildConfiguration;
			buildSettings = {
				ASSETCATALOG_COMPILER_APPICON_NAME = AppIcon;
				ASSETCATALOG_COMPILER_GLOBAL_ACCENT_COLOR_NAME = AccentColor;
				CODE_SIGN_STYLE = Automatic;
				CURRENT_PROJECT_VERSION = 41;
				DEVELOPMENT_TEAM = 75YTB67VJZ;
				GENERATE_INFOPLIST_FILE = YES;
				INFOPLIST_KEY_CFBundleDisplayName = "Own Ai";
				INFOPLIST_KEY_WKCompanionAppBundleIdentifier = alice.turcanu.LocalAI;
				LD_RUNPATH_SEARCH_PATHS = "$(inherited)";
				MARKETING_VERSION = 3.22;
				PRODUCT_BUNDLE_IDENTIFIER = alice.turcanu.LocalAI.watchapp;
				PRODUCT_NAME = "$(TARGET_NAME)";
				SDKROOT = watchos;
				SKIP_INSTALL = YES;
				STRING_CATALOG_GENERATE_SYMBOLS = YES;
				SWIFT_APPROACHABLE_CONCURRENCY = YES;
				SWIFT_DEFAULT_ACTOR_ISOLATION = MainActor;
				SWIFT_EMIT_LOC_STRINGS = YES;
				SWIFT_OBJC_INTEROP_MODE = objcxx;
				SWIFT_UPCOMING_FEATURE_MEMBER_IMPORT_VISIBILITY = YES;
				SWIFT_VERSION = 5.0;
				TARGETED_DEVICE_FAMILY = 4;
				VALIDATE_PRODUCT = YES;
				WATCHOS_DEPLOYMENT_TARGET = 11.0;
			};
			name = Release;
		};
		8B8A3DC52F2B753A0010461E /* Debug */ = {
			isa = XCBuildConfiguration;
			buildSettings = {
				ALWAYS_SEARCH_USER_PATHS = NO;
				ASSETCATALOG_COMPILER_GENERATE_SWIFT_ASSET_SYMBOL_EXTENSIONS = YES;
				CLANG_ANALYZER_NONNULL = YES;
				CLANG_ANALYZER_NUMBER_OBJECT_CONVERSION = YES_AGGRESSIVE;
				CLANG_CXX_LANGUAGE_STANDARD = "gnu++20";
				CLANG_ENABLE_MODULES = YES;
				CLANG_ENABLE_OBJC_ARC = YES;
				CLANG_ENABLE_OBJC_WEAK = YES;
				CLANG_WARN_BLOCK_CAPTURE_AUTORELEASING = YES;
				CLANG_WARN_BOOL_CONVERSION = YES;
				CLANG_WARN_COMMA = YES;
				CLANG_WARN_CONSTANT_CONVERSION = YES;
				CLANG_WARN_DEPRECATED_OBJC_IMPLEMENTATIONS = YES;
				CLANG_WARN_DIRECT_OBJC_ISA_USAGE = YES_ERROR;
				CLANG_WARN_DOCUMENTATION_COMMENTS = YES;
				CLANG_WARN_EMPTY_BODY = YES;
				CLANG_WARN_ENUM_CONVERSION = YES;
				CLANG_WARN_INFINITE_RECURSION = YES;
				CLANG_WARN_INT_CONVERSION = YES;
				CLANG_WARN_NON_LITERAL_NULL_CONVERSION = YES;
				CLANG_WARN_OBJC_IMPLICIT_RETAIN_SELF = YES;
				CLANG_WARN_OBJC_LITERAL_CONVERSION = YES;
				CLANG_WARN_OBJC_ROOT_CLASS = YES_ERROR;
				CLANG_WARN_QUOTED_INCLUDE_IN_FRAMEWORK_HEADER = YES;
				CLANG_WARN_RANGE_LOOP_ANALYSIS = YES;
				CLANG_WARN_STRICT_PROTOTYPES = YES;
				CLANG_WARN_SUSPICIOUS_MOVE = YES;
				CLANG_WARN_UNGUARDED_AVAILABILITY = YES_AGGRESSIVE;
				CLANG_WARN_UNREACHABLE_CODE = YES;
				CLANG_WARN__DUPLICATE_METHOD_MATCH = YES;
				COPY_PHASE_STRIP = NO;
				DEBUG_INFORMATION_FORMAT = dwarf;
				DEVELOPMENT_TEAM = 75YTB67VJZ;
				ENABLE_STRICT_OBJC_MSGSEND = YES;
				ENABLE_TESTABILITY = YES;
				ENABLE_USER_SCRIPT_SANDBOXING = NO;
				GCC_C_LANGUAGE_STANDARD = gnu17;
				GCC_DYNAMIC_NO_PIC = NO;
				GCC_NO_COMMON_BLOCKS = YES;
				GCC_OPTIMIZATION_LEVEL = 0;
				GCC_PREPROCESSOR_DEFINITIONS = (
					"DEBUG=1",
					"$(inherited)",
				);
				GCC_WARN_64_TO_32_BIT_CONVERSION = YES;
				GCC_WARN_ABOUT_RETURN_TYPE = YES_ERROR;
				GCC_WARN_UNDECLARED_SELECTOR = YES;
				GCC_WARN_UNINITIALIZED_AUTOS = YES_AGGRESSIVE;
				GCC_WARN_UNUSED_FUNCTION = YES;
				GCC_WARN_UNUSED_VARIABLE = YES;
				IPHONEOS_DEPLOYMENT_TARGET = 26.2;
				LOCALIZATION_PREFERS_STRING_CATALOGS = YES;
				MTL_ENABLE_DEBUG_INFO = INCLUDE_SOURCE;
				MTL_FAST_MATH = YES;
				ONLY_ACTIVE_ARCH = YES;
				SDKROOT = iphoneos;
				STRING_CATALOG_GENERATE_SYMBOLS = YES;
				SWIFT_ACTIVE_COMPILATION_CONDITIONS = "DEBUG $(inherited)";
				SWIFT_OPTIMIZATION_LEVEL = "-Onone";
			};
			name = Debug;
		};
		8B8A3DC62F2B753A0010461E /* Release */ = {
			isa = XCBuildConfiguration;
			buildSettings = {
				ALWAYS_SEARCH_USER_PATHS = NO;
				ASSETCATALOG_COMPILER_GENERATE_SWIFT_ASSET_SYMBOL_EXTENSIONS = YES;
				CLANG_ANALYZER_NONNULL = YES;
				CLANG_ANALYZER_NUMBER_OBJECT_CONVERSION = YES_AGGRESSIVE;
				CLANG_CXX_LANGUAGE_STANDARD = "gnu++20";
				CLANG_ENABLE_MODULES = YES;
				CLANG_ENABLE_OBJC_ARC = YES;
				CLANG_ENABLE_OBJC_WEAK = YES;
				CLANG_WARN_BLOCK_CAPTURE_AUTORELEASING = YES;
				CLANG_WARN_BOOL_CONVERSION = YES;
				CLANG_WARN_COMMA = YES;
				CLANG_WARN_CONSTANT_CONVERSION = YES;
				CLANG_WARN_DEPRECATED_OBJC_IMPLEMENTATIONS = YES;
				CLANG_WARN_DIRECT_OBJC_ISA_USAGE = YES_ERROR;
				CLANG_WARN_DOCUMENTATION_COMMENTS = YES;
				CLANG_WARN_EMPTY_BODY = YES;
				CLANG_WARN_ENUM_CONVERSION = YES;
				CLANG_WARN_INFINITE_RECURSION = YES;
				CLANG_WARN_INT_CONVERSION = YES;
				CLANG_WARN_NON_LITERAL_NULL_CONVERSION = YES;
				CLANG_WARN_OBJC_IMPLICIT_RETAIN_SELF = YES;
				CLANG_WARN_OBJC_LITERAL_CONVERSION = YES;
				CLANG_WARN_OBJC_ROOT_CLASS = YES_ERROR;
				CLANG_WARN_QUOTED_INCLUDE_IN_FRAMEWORK_HEADER = YES;
				CLANG_WARN_RANGE_LOOP_ANALYSIS = YES;
				CLANG_WARN_STRICT_PROTOTYPES = YES;
				CLANG_WARN_SUSPICIOUS_MOVE = YES;
				CLANG_WARN_UNGUARDED_AVAILABILITY = YES_AGGRESSIVE;
				CLANG_WARN_UNREACHABLE_CODE = YES;
				CLANG_WARN__DUPLICATE_METHOD_MATCH = YES;
				COPY_PHASE_STRIP = NO;
				DEBUG_INFORMATION_FORMAT = "dwarf-with-dsym";
				DEVELOPMENT_TEAM = 75YTB67VJZ;
				ENABLE_NS_ASSERTIONS = NO;
				ENABLE_STRICT_OBJC_MSGSEND = YES;
				ENABLE_USER_SCRIPT_SANDBOXING = NO;
				GCC_C_LANGUAGE_STANDARD = gnu17;
				GCC_NO_COMMON_BLOCKS = YES;
				GCC_WARN_64_TO_32_BIT_CONVERSION = YES;
				GCC_WARN_ABOUT_RETURN_TYPE = YES_ERROR;
				GCC_WARN_UNDECLARED_SELECTOR = YES;
				GCC_WARN_UNINITIALIZED_AUTOS = YES_AGGRESSIVE;
				GCC_WARN_UNUSED_FUNCTION = YES;
				GCC_WARN_UNUSED_VARIABLE = YES;
				IPHONEOS_DEPLOYMENT_TARGET = 26.2;
				LOCALIZATION_PREFERS_STRING_CATALOGS = YES;
				MTL_ENABLE_DEBUG_INFO = NO;
				MTL_FAST_MATH = YES;
				SDKROOT = iphoneos;
				STRING_CATALOG_GENERATE_SYMBOLS = YES;
				SWIFT_COMPILATION_MODE = wholemodule;
				VALIDATE_PRODUCT = YES;
			};
			name = Release;
		};
		8B8A3DC82F2B753A0010461E /* Debug */ = {
			isa = XCBuildConfiguration;
			buildSettings = {
				ASSETCATALOG_COMPILER_APPICON_NAME = AppIcon;
				ASSETCATALOG_COMPILER_GLOBAL_ACCENT_COLOR_NAME = AccentColor;
				CODE_SIGN_ENTITLEMENTS = LocalAI/LocalAI.entitlements;
				CODE_SIGN_STYLE = Automatic;
				CURRENT_PROJECT_VERSION = 55;
				DEVELOPMENT_TEAM = 75YTB67VJZ;
				ENABLE_PREVIEWS = YES;
				GENERATE_INFOPLIST_FILE = YES;
				INFOPLIST_FILE = LocalAI/Info.plist;
				INFOPLIST_KEY_CFBundleDisplayName = "Own Ai";
				INFOPLIST_KEY_NSCameraUsageDescription = "Own Ai may use the camera to allow you to take photos and attach them to your chat.";
				INFOPLIST_KEY_NSMicrophoneUsageDescription = "Own Ai needs microphone access to transcribe your voice into text for chat interactions.";
				INFOPLIST_KEY_NSSpeechRecognitionUsageDescription = "Own Ai uses speech recognition to convert your voice input into text locally on your device.";
				INFOPLIST_KEY_UIApplicationSceneManifest_Generation = YES;
				INFOPLIST_KEY_UIApplicationSupportsIndirectInputEvents = YES;
				INFOPLIST_KEY_UILaunchScreen_Generation = YES;
				INFOPLIST_KEY_UISupportedInterfaceOrientations_iPad = "UIInterfaceOrientationPortrait UIInterfaceOrientationPortraitUpsideDown UIInterfaceOrientationLandscapeLeft UIInterfaceOrientationLandscapeRight";
				INFOPLIST_KEY_UISupportedInterfaceOrientations_iPhone = "UIInterfaceOrientationPortrait UIInterfaceOrientationLandscapeLeft UIInterfaceOrientationLandscapeRight";
				IPHONEOS_DEPLOYMENT_TARGET = 18.0;
				LD_RUNPATH_SEARCH_PATHS = (
					"$(inherited)",
					"@executable_path/Frameworks",
				);
				MARKETING_VERSION = 4.3;
				PRODUCT_BUNDLE_IDENTIFIER = alice.turcanu.LocalAI;
				PRODUCT_NAME = "$(TARGET_NAME)";
				STRING_CATALOG_GENERATE_SYMBOLS = YES;
				SWIFT_APPROACHABLE_CONCURRENCY = YES;
				SWIFT_DEFAULT_ACTOR_ISOLATION = MainActor;
				SWIFT_EMIT_LOC_STRINGS = YES;
				SWIFT_OBJC_INTEROP_MODE = objcxx;
				SWIFT_UPCOMING_FEATURE_MEMBER_IMPORT_VISIBILITY = YES;
				SWIFT_VERSION = 5.0;
				TARGETED_DEVICE_FAMILY = "1,2";
			};
			name = Debug;
		};
		8B8A3DC92F2B753A0010461E /* Release */ = {
			isa = XCBuildConfiguration;
			buildSettings = {
				ASSETCATALOG_COMPILER_APPICON_NAME = AppIcon;
				ASSETCATALOG_COMPILER_GLOBAL_ACCENT_COLOR_NAME = AccentColor;
				CODE_SIGN_ENTITLEMENTS = LocalAI/LocalAI.entitlements;
				CODE_SIGN_STYLE = Automatic;
				CURRENT_PROJECT_VERSION = 55;
				DEVELOPMENT_TEAM = 75YTB67VJZ;
				ENABLE_PREVIEWS = YES;
				GENERATE_INFOPLIST_FILE = YES;
				INFOPLIST_FILE = LocalAI/Info.plist;
				INFOPLIST_KEY_CFBundleDisplayName = "Own Ai";
				INFOPLIST_KEY_NSCameraUsageDescription = "Own Ai may use the camera to allow you to take photos and attach them to your chat.";
				INFOPLIST_KEY_NSMicrophoneUsageDescription = "Own Ai needs microphone access to transcribe your voice into text for chat interactions.";
				INFOPLIST_KEY_NSSpeechRecognitionUsageDescription = "Own Ai uses speech recognition to convert your voice input into text locally on your device.";
				INFOPLIST_KEY_UIApplicationSceneManifest_Generation = YES;
				INFOPLIST_KEY_UIApplicationSupportsIndirectInputEvents = YES;
				INFOPLIST_KEY_UILaunchScreen_Generation = YES;
				INFOPLIST_KEY_UISupportedInterfaceOrientations_iPad = "UIInterfaceOrientationPortrait UIInterfaceOrientationPortraitUpsideDown UIInterfaceOrientationLandscapeLeft UIInterfaceOrientationLandscapeRight";
				INFOPLIST_KEY_UISupportedInterfaceOrientations_iPhone = "UIInterfaceOrientationPortrait UIInterfaceOrientationLandscapeLeft UIInterfaceOrientationLandscapeRight";
				IPHONEOS_DEPLOYMENT_TARGET = 18.0;
				LD_RUNPATH_SEARCH_PATHS = (
					"$(inherited)",
					"@executable_path/Frameworks",
				);
				MARKETING_VERSION = 4.3;
				PRODUCT_BUNDLE_IDENTIFIER = alice.turcanu.LocalAI;
				PRODUCT_NAME = "$(TARGET_NAME)";
				STRING_CATALOG_GENERATE_SYMBOLS = YES;
				SWIFT_APPROACHABLE_CONCURRENCY = YES;
				SWIFT_DEFAULT_ACTOR_ISOLATION = MainActor;
				SWIFT_EMIT_LOC_STRINGS = YES;
				SWIFT_OBJC_INTEROP_MODE = objcxx;
				SWIFT_UPCOMING_FEATURE_MEMBER_IMPORT_VISIBILITY = YES;
				SWIFT_VERSION = 5.0;
				TARGETED_DEVICE_FAMILY = "1,2";
			};
			name = Release;
		};
		B0E4C219CB5433C76E7DB29E /* Debug */ = {
			isa = XCBuildConfiguration;
			buildSettings = {
				ASSETCATALOG_COMPILER_APPICON_NAME = AppIcon;
				ASSETCATALOG_COMPILER_GLOBAL_ACCENT_COLOR_NAME = AccentColor;
				CODE_SIGN_STYLE = Automatic;
				CURRENT_PROJECT_VERSION = 41;
				DEVELOPMENT_TEAM = 75YTB67VJZ;
				GENERATE_INFOPLIST_FILE = YES;
				INFOPLIST_KEY_CFBundleDisplayName = "Own Ai";
				INFOPLIST_KEY_WKCompanionAppBundleIdentifier = alice.turcanu.LocalAI;
				LD_RUNPATH_SEARCH_PATHS = "$(inherited)";
				MARKETING_VERSION = 3.22;
				PRODUCT_BUNDLE_IDENTIFIER = alice.turcanu.LocalAI.watchapp;
				PRODUCT_NAME = "$(TARGET_NAME)";
				SDKROOT = watchos;
				SKIP_INSTALL = YES;
				STRING_CATALOG_GENERATE_SYMBOLS = YES;
				SWIFT_APPROACHABLE_CONCURRENCY = YES;
				SWIFT_DEFAULT_ACTOR_ISOLATION = MainActor;
				SWIFT_EMIT_LOC_STRINGS = YES;
				SWIFT_OBJC_INTEROP_MODE = objcxx;
				SWIFT_UPCOMING_FEATURE_MEMBER_IMPORT_VISIBILITY = YES;
				SWIFT_VERSION = 5.0;
				TARGETED_DEVICE_FAMILY = 4;
				WATCHOS_DEPLOYMENT_TARGET = 11.0;
			};
			name = Debug;
		};
/* End XCBuildConfiguration section */

/* Begin XCConfigurationList section */
		8B8A3DB72F2B75380010461E /* Build configuration list for PBXProject "LocalAI" */ = {
			isa = XCConfigurationList;
			buildConfigurations = (
				8B8A3DC52F2B753A0010461E /* Debug */,
				8B8A3DC62F2B753A0010461E /* Release */,
			);
			defaultConfigurationIsVisible = 0;
			defaultConfigurationName = Release;
		};
		8B8A3DC72F2B753A0010461E /* Build configuration list for PBXNativeTarget "LocalAI" */ = {
			isa = XCConfigurationList;
			buildConfigurations = (
				8B8A3DC82F2B753A0010461E /* Debug */,
				8B8A3DC92F2B753A0010461E /* Release */,
			);
			defaultConfigurationIsVisible = 0;
			defaultConfigurationName = Release;
		};
		B592D6C7105FA391A3E79B0F /* Build configuration list for PBXNativeTarget "LocalAIWatchApp" */ = {
			isa = XCConfigurationList;
			buildConfigurations = (
				4A6C1592CD440D1F56943E86 /* Release */,
				B0E4C219CB5433C76E7DB29E /* Debug */,
			);
			defaultConfigurationIsVisible = 0;
			defaultConfigurationName = Release;
		};
/* End XCConfigurationList section */

/* Begin XCLocalSwiftPackageReference section */
		09CF0B8191531DB0E5D081AB /* XCLocalSwiftPackageReference "Packages/KokoroSwiftLocal" */ = {
			isa = XCLocalSwiftPackageReference;
			relativePath = Packages/KokoroSwiftLocal;
		};
		C1A1B2C3D4E5F60700112235 /* XCLocalSwiftPackageReference "Packages/LocalAIKit" */ = {
			isa = XCLocalSwiftPackageReference;
			relativePath = Packages/LocalAIKit;
		};
		F3DDD970CAC6BFD83388E17F /* XCLocalSwiftPackageReference "Packages/MisakiSwiftLocal" */ = {
			isa = XCLocalSwiftPackageReference;
			relativePath = Packages/MisakiSwiftLocal;
		};
/* End XCLocalSwiftPackageReference section */

/* Begin XCRemoteSwiftPackageReference section */
		8B0F13D02FDEA1240053FFDA /* XCRemoteSwiftPackageReference "WhisperKit" */ = {
			isa = XCRemoteSwiftPackageReference;
			repositoryURL = "https://github.com/argmaxinc/WhisperKit";
			requirement = {
				branch = main;
				kind = branch;
			};
		};
		8B0F13D32FDEA1670053FFDA /* XCRemoteSwiftPackageReference "swift-embeddings" */ = {
			isa = XCRemoteSwiftPackageReference;
			repositoryURL = "https://github.com/jkrukowski/swift-embeddings";
			requirement = {
				kind = upToNextMajorVersion;
				minimumVersion = 0.1.0;
			};
		};
		8B8A3E072F2CCB980010461E /* XCRemoteSwiftPackageReference "SwiftUI-Shimmer" */ = {
			isa = XCRemoteSwiftPackageReference;
			repositoryURL = "https://github.com/markiv/SwiftUI-Shimmer.git";
			requirement = {
				kind = upToNextMinorVersion;
				minimumVersion = 1.5.1;
			};
		};
		8B8A3E0A2F2CCBE90010461E /* XCRemoteSwiftPackageReference "swift-markdown-ui" */ = {
			isa = XCRemoteSwiftPackageReference;
			repositoryURL = "https://github.com/gonzalezreal/swift-markdown-ui";
			requirement = {
				kind = upToNextMinorVersion;
				minimumVersion = 2.4.1;
			};
		};
		8B8A3E1C2F2D00010010461E /* XCRemoteSwiftPackageReference "mlx-swift-lm" */ = {
			isa = XCRemoteSwiftPackageReference;
			repositoryURL = "https://github.com/ml-explore/mlx-swift-lm";
			requirement = {
				kind = upToNextMajorVersion;
				minimumVersion = 3.31.3;
			};
		};
		ABE93FCD2F94C100008DCDBD /* XCRemoteSwiftPackageReference "swift-transformers" */ = {
			isa = XCRemoteSwiftPackageReference;
			repositoryURL = "https://github.com/huggingface/swift-transformers.git";
			requirement = {
				kind = upToNextMajorVersion;
				minimumVersion = 1.1.9;
			};
			traits = (
			);
		};
		ABE93FD02F94C111008DCDBD /* XCRemoteSwiftPackageReference "swift-jinja" */ = {
			isa = XCRemoteSwiftPackageReference;
			repositoryURL = "https://github.com/huggingface/swift-jinja.git";
			requirement = {
				kind = upToNextMinorVersion;
				minimumVersion = 2.3.5;
			};
		};
		ABE93FD62F94C202008DCDBD /* XCRemoteSwiftPackageReference "mlx-swift" */ = {
			isa = XCRemoteSwiftPackageReference;
			repositoryURL = "https://github.com/ml-explore/mlx-swift";
			requirement = {
				kind = upToNextMinorVersion;
				minimumVersion = 0.31.3;
			};
		};
		D1E000042F5000010010461E /* XCRemoteSwiftPackageReference "MLXUtilsLibrary" */ = {
			isa = XCRemoteSwiftPackageReference;
			repositoryURL = "https://github.com/mlalma/MLXUtilsLibrary.git";
			requirement = {
				kind = upToNextMinorVersion;
				minimumVersion = 0.0.6;
			};
		};
/* End XCRemoteSwiftPackageReference section */

/* Begin XCSwiftPackageProductDependency section */
		3E53D0029821E74467DF2F34 /* MisakiSwift */ = {
			isa = XCSwiftPackageProductDependency;
			productName = MisakiSwift;
		};
		52C4E9848B8F8FC8EECC1E16 /* KokoroSwift */ = {
			isa = XCSwiftPackageProductDependency;
			productName = KokoroSwift;
		};
		8B0F13D12FDEA1240053FFDA /* WhisperKit */ = {
			isa = XCSwiftPackageProductDependency;
			package = 8B0F13D02FDEA1240053FFDA /* XCRemoteSwiftPackageReference "WhisperKit" */;
			productName = WhisperKit;
		};
		8B0F13D42FDEA1670053FFDA /* Embeddings */ = {
			isa = XCSwiftPackageProductDependency;
			package = 8B0F13D32FDEA1670053FFDA /* XCRemoteSwiftPackageReference "swift-embeddings" */;
			productName = Embeddings;
		};
		8B8A3E082F2CCB980010461E /* Shimmer */ = {
			isa = XCSwiftPackageProductDependency;
			package = 8B8A3E072F2CCB980010461E /* XCRemoteSwiftPackageReference "SwiftUI-Shimmer" */;
			productName = Shimmer;
		};
		8B8A3E0B2F2CCBE90010461E /* MarkdownUI */ = {
			isa = XCSwiftPackageProductDependency;
			package = 8B8A3E0A2F2CCBE90010461E /* XCRemoteSwiftPackageReference "swift-markdown-ui" */;
			productName = MarkdownUI;
		};
		8B8A3E1D2F2D00010010461E /* MLXLMCommon */ = {
			isa = XCSwiftPackageProductDependency;
			package = 8B8A3E1C2F2D00010010461E /* XCRemoteSwiftPackageReference "mlx-swift-lm" */;
			productName = MLXLMCommon;
		};
		8B8A3E1E2F2D00010010461E /* MLXLLM */ = {
			isa = XCSwiftPackageProductDependency;
			package = 8B8A3E1C2F2D00010010461E /* XCRemoteSwiftPackageReference "mlx-swift-lm" */;
			productName = MLXLLM;
		};
		8B8A3E202F2D00010010461E /* MLXVLM */ = {
			isa = XCSwiftPackageProductDependency;
			package = 8B8A3E1C2F2D00010010461E /* XCRemoteSwiftPackageReference "mlx-swift-lm" */;
			productName = MLXVLM;
		};
		ABE93FCE2F94C100008DCDBD /* Hub */ = {
			isa = XCSwiftPackageProductDependency;
			package = ABE93FCD2F94C100008DCDBD /* XCRemoteSwiftPackageReference "swift-transformers" */;
			productName = Hub;
		};
		ABE93FD12F94C112008DCDBD /* Jinja */ = {
			isa = XCSwiftPackageProductDependency;
			package = ABE93FD02F94C111008DCDBD /* XCRemoteSwiftPackageReference "swift-jinja" */;
			productName = Jinja;
		};
		ABE93FD72F94C202008DCDBD /* MLX */ = {
			isa = XCSwiftPackageProductDependency;
			package = ABE93FD62F94C202008DCDBD /* XCRemoteSwiftPackageReference "mlx-swift" */;
			productName = MLX;
		};
		ABE93FD92F94C202008DCDBD /* MLXFFT */ = {
			isa = XCSwiftPackageProductDependency;
			package = ABE93FD62F94C202008DCDBD /* XCRemoteSwiftPackageReference "mlx-swift" */;
			productName = MLXFFT;
		};
		ABE93FDB2F94C202008DCDBD /* MLXFast */ = {
			isa = XCSwiftPackageProductDependency;
			package = ABE93FD62F94C202008DCDBD /* XCRemoteSwiftPackageReference "mlx-swift" */;
			productName = MLXFast;
		};
		ABE93FDD2F94C202008DCDBD /* MLXLinalg */ = {
			isa = XCSwiftPackageProductDependency;
			package = ABE93FD62F94C202008DCDBD /* XCRemoteSwiftPackageReference "mlx-swift" */;
			productName = MLXLinalg;
		};
		ABE93FDF2F94C202008DCDBD /* MLXNN */ = {
			isa = XCSwiftPackageProductDependency;
			package = ABE93FD62F94C202008DCDBD /* XCRemoteSwiftPackageReference "mlx-swift" */;
			productName = MLXNN;
		};
		ABE93FE12F94C202008DCDBD /* MLXOptimizers */ = {
			isa = XCSwiftPackageProductDependency;
			package = ABE93FD62F94C202008DCDBD /* XCRemoteSwiftPackageReference "mlx-swift" */;
			productName = MLXOptimizers;
		};
		ABE93FE32F94C202008DCDBD /* MLXRandom */ = {
			isa = XCSwiftPackageProductDependency;
			package = ABE93FD62F94C202008DCDBD /* XCRemoteSwiftPackageReference "mlx-swift" */;
			productName = MLXRandom;
		};
		ABE93FE52F94C210008DCDBD /* Tokenizers */ = {
			isa = XCSwiftPackageProductDependency;
			package = ABE93FCD2F94C100008DCDBD /* XCRemoteSwiftPackageReference "swift-transformers" */;
			productName = Tokenizers;
		};
		C1A1B2C3D4E5F60700112234 /* LocalAIKit */ = {
			isa = XCSwiftPackageProductDependency;
			productName = LocalAIKit;
		};
		D1E000062F5000010010461E /* MLXUtilsLibrary */ = {
			isa = XCSwiftPackageProductDependency;
			package = D1E000042F5000010010461E /* XCRemoteSwiftPackageReference "MLXUtilsLibrary" */;
			productName = MLXUtilsLibrary;
		};
/* End XCSwiftPackageProductDependency section */
	};
	rootObject = 8B8A3DB42F2B75380010461E /* Project object */;
}
